// !$*UTF8*$!
{
   archiveVersion = "1";
   objectVersion = "46";
   objects = {
      "OBJ_1" = {
         isa = "PBXProject";
         attributes = {
            LastSwiftMigration = "9999";
            LastUpgradeCheck = "9999";
         };
         buildConfigurationList = "OBJ_2";
         compatibilityVersion = "Xcode 3.2";
         developmentRegion = "en";
         hasScannedForEncodings = "0";
         knownRegions = (
            "en"
         );
         mainGroup = "OBJ_5";
         productRefGroup = "OBJ_43";
         projectDirPath = ".";
         targets = (
            "UIToolbox::UIToolbox",
            "UIToolbox::SwiftPMPackageDescription",
            "UIToolbox::UIToolboxPackageTests::ProductTarget",
            "UIToolbox::UIToolboxTests"
         );
      };
      "OBJ_10" = {
         isa = "PBXFileReference";
         path = "Transitions.swift";
         sourceTree = "<group>";
      };
      "OBJ_11" = {
         isa = "PBXGroup";
         children = (
            "OBJ_12"
         );
         name = "BottomSheet";
         path = "BottomSheet";
         sourceTree = "<group>";
      };
      "OBJ_12" = {
         isa = "PBXFileReference";
         path = "BottomSheet.swift";
         sourceTree = "<group>";
      };
      "OBJ_13" = {
         isa = "PBXGroup";
         children = (
            "OBJ_14",
            "OBJ_15"
         );
         name = "Buttons";
         path = "Buttons";
         sourceTree = "<group>";
      };
      "OBJ_14" = {
         isa = "PBXFileReference";
         path = "CircleButton.swift";
         sourceTree = "<group>";
      };
      "OBJ_15" = {
         isa = "PBXFileReference";
         path = "LargeButton.swift";
         sourceTree = "<group>";
      };
      "OBJ_16" = {
         isa = "PBXGroup";
         children = (
            "OBJ_17",
            "OBJ_18"
         );
         name = "Grids";
         path = "Grids";
         sourceTree = "<group>";
      };
      "OBJ_17" = {
         isa = "PBXFileReference";
         path = "Grid.swift";
         sourceTree = "<group>";
      };
      "OBJ_18" = {
         isa = "PBXFileReference";
         path = "GridLayout.swift";
         sourceTree = "<group>";
      };
      "OBJ_19" = {
         isa = "PBXGroup";
         children = (
            "OBJ_20",
            "OBJ_22",
            "OBJ_24",
            "OBJ_26",
            "OBJ_28",
            "OBJ_30"
         );
         name = "Representables";
         path = "Representables";
         sourceTree = "<group>";
      };
      "OBJ_2" = {
         isa = "XCConfigurationList";
         buildConfigurations = (
            "OBJ_3",
            "OBJ_4"
         );
         defaultConfigurationIsVisible = "0";
         defaultConfigurationName = "Release";
      };
      "OBJ_20" = {
         isa = "PBXGroup";
         children = (
            "OBJ_21"
         );
         name = "Activity Indicators";
         path = "Activity Indicators";
         sourceTree = "<group>";
      };
      "OBJ_21" = {
         isa = "PBXFileReference";
         path = "ActivityIndicator.swift";
         sourceTree = "<group>";
      };
      "OBJ_22" = {
         isa = "PBXGroup";
         children = (
            "OBJ_23"
         );
         name = "CollectionView";
         path = "CollectionView";
         sourceTree = "<group>";
      };
      "OBJ_23" = {
         isa = "PBXFileReference";
         path = "ReusableCollectionView.swift";
         sourceTree = "<group>";
      };
      "OBJ_24" = {
         isa = "PBXGroup";
         children = (
            "OBJ_25"
         );
         name = "SearchBar";
         path = "SearchBar";
         sourceTree = "<group>";
      };
      "OBJ_25" = {
         isa = "PBXFileReference";
         path = "SearchBarView.swift";
         sourceTree = "<group>";
      };
      "OBJ_26" = {
         isa = "PBXGroup";
         children = (
            "OBJ_27"
         );
         name = "TabBar";
         path = "TabBar";
         sourceTree = "<group>";
      };
      "OBJ_27" = {
         isa = "PBXFileReference";
         path = "TabBarView.swift";
         sourceTree = "<group>";
      };
      "OBJ_28" = {
         isa = "PBXGroup";
         children = (
            "OBJ_29"
         );
         name = "TextViews";
         path = "TextViews";
         sourceTree = "<group>";
      };
      "OBJ_29" = {
         isa = "PBXFileReference";
         path = "TextViewRepresentable.swift";
         sourceTree = "<group>";
      };
      "OBJ_3" = {
         isa = "XCBuildConfiguration";
         buildSettings = {
            CLANG_ENABLE_OBJC_ARC = "YES";
            COMBINE_HIDPI_IMAGES = "YES";
            COPY_PHASE_STRIP = "NO";
            DEBUG_INFORMATION_FORMAT = "dwarf";
            DYLIB_INSTALL_NAME_BASE = "@rpath";
            ENABLE_NS_ASSERTIONS = "YES";
            GCC_OPTIMIZATION_LEVEL = "0";
            GCC_PREPROCESSOR_DEFINITIONS = (
               "$(inherited)",
               "SWIFT_PACKAGE=1",
               "DEBUG=1"
            );
            MACOSX_DEPLOYMENT_TARGET = "10.10";
            ONLY_ACTIVE_ARCH = "YES";
            OTHER_SWIFT_FLAGS = (
               "$(inherited)",
               "-DXcode"
            );
            PRODUCT_NAME = "$(TARGET_NAME)";
            SDKROOT = "macosx";
            SUPPORTED_PLATFORMS = (
               "macosx",
               "iphoneos",
               "iphonesimulator",
               "appletvos",
               "appletvsimulator",
               "watchos",
               "watchsimulator"
            );
            SWIFT_ACTIVE_COMPILATION_CONDITIONS = (
               "$(inherited)",
               "SWIFT_PACKAGE",
               "DEBUG"
            );
            SWIFT_OPTIMIZATION_LEVEL = "-Onone";
            USE_HEADERMAP = "NO";
         };
         name = "Debug";
      };
      "OBJ_30" = {
         isa = "PBXGroup";
         children = (
            "OBJ_31"
         );
         name = "WebViews";
         path = "WebViews";
         sourceTree = "<group>";
      };
      "OBJ_31" = {
         isa = "PBXFileReference";
         path = "WebView.swift";
         sourceTree = "<group>";
      };
      "OBJ_32" = {
         isa = "PBXGroup";
         children = (
            "OBJ_33"
         );
         name = "SparkViews";
         path = "SparkViews";
         sourceTree = "<group>";
      };
      "OBJ_33" = {
         isa = "PBXFileReference";
         path = "SparkView.swift";
         sourceTree = "<group>";
      };
      "OBJ_34" = {
         isa = "PBXGroup";
         children = (
            "OBJ_35",
            "OBJ_36"
         );
         name = "Textfields";
         path = "Textfields";
         sourceTree = "<group>";
      };
      "OBJ_35" = {
         isa = "PBXFileReference";
         path = "FormTextfield.swift";
         sourceTree = "<group>";
      };
      "OBJ_36" = {
         isa = "PBXFileReference";
         path = "PasswordField.swift";
         sourceTree = "<group>";
      };
      "OBJ_37" = {
         isa = "PBXGroup";
         children = (
            "OBJ_38"
         );
         name = "Utils&Extensions";
         path = "Utils&Extensions";
         sourceTree = "<group>";
      };
      "OBJ_38" = {
         isa = "PBXFileReference";
         path = "UIToolboxUtils.swift";
         sourceTree = "<group>";
      };
      "OBJ_39" = {
         isa = "PBXGroup";
         children = (
            "OBJ_40"
         );
         name = "Tests";
         path = "";
         sourceTree = "SOURCE_ROOT";
      };
      "OBJ_4" = {
         isa = "XCBuildConfiguration";
         buildSettings = {
            CLANG_ENABLE_OBJC_ARC = "YES";
            COMBINE_HIDPI_IMAGES = "YES";
            COPY_PHASE_STRIP = "YES";
            DEBUG_INFORMATION_FORMAT = "dwarf-with-dsym";
            DYLIB_INSTALL_NAME_BASE = "@rpath";
            GCC_OPTIMIZATION_LEVEL = "s";
            GCC_PREPROCESSOR_DEFINITIONS = (
               "$(inherited)",
               "SWIFT_PACKAGE=1"
            );
            MACOSX_DEPLOYMENT_TARGET = "10.10";
            OTHER_SWIFT_FLAGS = (
               "$(inherited)",
               "-DXcode"
            );
            PRODUCT_NAME = "$(TARGET_NAME)";
            SDKROOT = "macosx";
            SUPPORTED_PLATFORMS = (
               "macosx",
               "iphoneos",
               "iphonesimulator",
               "appletvos",
               "appletvsimulator",
               "watchos",
               "watchsimulator"
            );
            SWIFT_ACTIVE_COMPILATION_CONDITIONS = (
               "$(inherited)",
               "SWIFT_PACKAGE"
            );
            SWIFT_OPTIMIZATION_LEVEL = "-Owholemodule";
            USE_HEADERMAP = "NO";
         };
         name = "Release";
      };
      "OBJ_40" = {
         isa = "PBXGroup";
         children = (
            "OBJ_41",
            "OBJ_42"
         );
         name = "UIToolboxTests";
         path = "Tests/UIToolboxTests";
         sourceTree = "SOURCE_ROOT";
      };
      "OBJ_41" = {
         isa = "PBXFileReference";
         path = "Info.plist";
         sourceTree = "<group>";
      };
      "OBJ_42" = {
         isa = "PBXFileReference";
         path = "UIToolboxTests.swift";
         sourceTree = "<group>";
      };
      "OBJ_43" = {
         isa = "PBXGroup";
         children = (
            "UIToolbox::UIToolboxTests::Product",
            "UIToolbox::UIToolbox::Product"
         );
         name = "Products";
         path = "";
         sourceTree = "BUILT_PRODUCTS_DIR";
      };
      "OBJ_46" = {
         isa = "PBXFileReference";
         path = "UIToolboxSampleTests";
         sourceTree = "SOURCE_ROOT";
      };
      "OBJ_47" = {
         isa = "PBXFileReference";
         path = "UIToolboxSampleUITests";
         sourceTree = "SOURCE_ROOT";
      };
      "OBJ_48" = {
         isa = "PBXFileReference";
         path = "UIToolboxSample";
         sourceTree = "SOURCE_ROOT";
      };
      "OBJ_49" = {
         isa = "PBXFileReference";
         path = "README.md";
         sourceTree = "<group>";
      };
      "OBJ_5" = {
         isa = "PBXGroup";
         children = (
            "OBJ_6",
            "OBJ_7",
            "OBJ_39",
            "OBJ_43",
            "OBJ_46",
            "OBJ_47",
            "OBJ_48",
            "OBJ_49"
         );
         path = "";
         sourceTree = "<group>";
      };
      "OBJ_51" = {
         isa = "XCConfigurationList";
         buildConfigurations = (
            "OBJ_52",
            "OBJ_53"
         );
         defaultConfigurationIsVisible = "0";
         defaultConfigurationName = "Release";
      };
      "OBJ_52" = {
         isa = "XCBuildConfiguration";
         buildSettings = {
            ENABLE_TESTABILITY = "YES";
            FRAMEWORK_SEARCH_PATHS = (
               "$(inherited)",
               "$(PLATFORM_DIR)/Developer/Library/Frameworks"
            );
            HEADER_SEARCH_PATHS = (
               "$(inherited)"
            );
            INFOPLIST_FILE = "UIToolbox.xcodeproj/UIToolbox_Info.plist";
            IPHONEOS_DEPLOYMENT_TARGET = "13.0";
            LD_RUNPATH_SEARCH_PATHS = (
               "$(inherited)",
               "$(TOOLCHAIN_DIR)/usr/lib/swift/macosx"
            );
            MACOSX_DEPLOYMENT_TARGET = "10.15";
            OTHER_CFLAGS = (
               "$(inherited)"
            );
            OTHER_LDFLAGS = (
               "$(inherited)"
            );
            OTHER_SWIFT_FLAGS = (
               "$(inherited)"
            );
            PRODUCT_BUNDLE_IDENTIFIER = "UIToolbox";
            PRODUCT_MODULE_NAME = "$(TARGET_NAME:c99extidentifier)";
            PRODUCT_NAME = "$(TARGET_NAME:c99extidentifier)";
            SKIP_INSTALL = "YES";
            SWIFT_ACTIVE_COMPILATION_CONDITIONS = (
               "$(inherited)"
            );
            SWIFT_VERSION = "5.0";
            TARGET_NAME = "UIToolbox";
            TVOS_DEPLOYMENT_TARGET = "13.0";
            WATCHOS_DEPLOYMENT_TARGET = "6.0";
         };
         name = "Debug";
      };
      "OBJ_53" = {
         isa = "XCBuildConfiguration";
         buildSettings = {
            ENABLE_TESTABILITY = "YES";
            FRAMEWORK_SEARCH_PATHS = (
               "$(inherited)",
               "$(PLATFORM_DIR)/Developer/Library/Frameworks"
            );
            HEADER_SEARCH_PATHS = (
               "$(inherited)"
            );
            INFOPLIST_FILE = "UIToolbox.xcodeproj/UIToolbox_Info.plist";
            IPHONEOS_DEPLOYMENT_TARGET = "13.0";
            LD_RUNPATH_SEARCH_PATHS = (
               "$(inherited)",
               "$(TOOLCHAIN_DIR)/usr/lib/swift/macosx"
            );
            MACOSX_DEPLOYMENT_TARGET = "10.15";
            OTHER_CFLAGS = (
               "$(inherited)"
            );
            OTHER_LDFLAGS = (
               "$(inherited)"
            );
            OTHER_SWIFT_FLAGS = (
               "$(inherited)"
            );
            PRODUCT_BUNDLE_IDENTIFIER = "UIToolbox";
            PRODUCT_MODULE_NAME = "$(TARGET_NAME:c99extidentifier)";
            PRODUCT_NAME = "$(TARGET_NAME:c99extidentifier)";
            SKIP_INSTALL = "YES";
            SWIFT_ACTIVE_COMPILATION_CONDITIONS = (
               "$(inherited)"
            );
            SWIFT_VERSION = "5.0";
            TARGET_NAME = "UIToolbox";
            TVOS_DEPLOYMENT_TARGET = "13.0";
            WATCHOS_DEPLOYMENT_TARGET = "6.0";
         };
         name = "Release";
      };
      "OBJ_54" = {
         isa = "PBXSourcesBuildPhase";
         files = (
            "OBJ_55",
            "OBJ_56",
            "OBJ_57",
            "OBJ_58",
            "OBJ_59",
            "OBJ_60",
            "OBJ_61",
            "OBJ_62",
            "OBJ_63",
            "OBJ_64",
            "OBJ_65",
            "OBJ_66",
            "OBJ_67",
            "OBJ_68",
            "OBJ_69",
            "OBJ_70"
         );
      };
      "OBJ_55" = {
         isa = "PBXBuildFile";
         fileRef = "OBJ_10";
      };
      "OBJ_56" = {
         isa = "PBXBuildFile";
         fileRef = "OBJ_12";
      };
      "OBJ_57" = {
         isa = "PBXBuildFile";
         fileRef = "OBJ_14";
      };
      "OBJ_58" = {
         isa = "PBXBuildFile";
         fileRef = "OBJ_15";
      };
      "OBJ_59" = {
         isa = "PBXBuildFile";
         fileRef = "OBJ_17";
      };
      "OBJ_6" = {
         isa = "PBXFileReference";
         explicitFileType = "sourcecode.swift";
         path = "Package.swift";
         sourceTree = "<group>";
      };
      "OBJ_60" = {
         isa = "PBXBuildFile";
         fileRef = "OBJ_18";
      };
      "OBJ_61" = {
         isa = "PBXBuildFile";
         fileRef = "OBJ_21";
      };
      "OBJ_62" = {
         isa = "PBXBuildFile";
         fileRef = "OBJ_23";
      };
      "OBJ_63" = {
         isa = "PBXBuildFile";
         fileRef = "OBJ_25";
      };
      "OBJ_64" = {
         isa = "PBXBuildFile";
         fileRef = "OBJ_27";
      };
      "OBJ_65" = {
         isa = "PBXBuildFile";
         fileRef = "OBJ_29";
      };
      "OBJ_66" = {
         isa = "PBXBuildFile";
         fileRef = "OBJ_31";
      };
      "OBJ_67" = {
         isa = "PBXBuildFile";
         fileRef = "OBJ_33";
      };
      "OBJ_68" = {
         isa = "PBXBuildFile";
         fileRef = "OBJ_35";
      };
      "OBJ_69" = {
         isa = "PBXBuildFile";
         fileRef = "OBJ_36";
      };
      "OBJ_7" = {
         isa = "PBXGroup";
         children = (
            "OBJ_8"
         );
         name = "Sources";
         path = "";
         sourceTree = "SOURCE_ROOT";
      };
      "OBJ_70" = {
         isa = "PBXBuildFile";
         fileRef = "OBJ_38";
      };
      "OBJ_71" = {
         isa = "PBXFrameworksBuildPhase";
         files = (
         );
      };
      "OBJ_73" = {
         isa = "XCConfigurationList";
         buildConfigurations = (
            "OBJ_74",
            "OBJ_75"
         );
         defaultConfigurationIsVisible = "0";
         defaultConfigurationName = "Release";
      };
      "OBJ_74" = {
         isa = "XCBuildConfiguration";
         buildSettings = {
            LD = "/usr/bin/true";
            OTHER_SWIFT_FLAGS = (
               "-swift-version",
               "5",
               "-I",
               "$(TOOLCHAIN_DIR)/usr/lib/swift/pm/4_2",
               "-target",
               "x86_64-apple-macosx10.10",
               "-sdk",
               "/Applications/Xcode.app/Contents/Developer/Platforms/MacOSX.platform/Developer/SDKs/MacOSX10.15.sdk",
               "-package-description-version",
               "5.2.0"
            );
            SWIFT_VERSION = "5.0";
         };
         name = "Debug";
      };
      "OBJ_75" = {
         isa = "XCBuildConfiguration";
         buildSettings = {
            LD = "/usr/bin/true";
            OTHER_SWIFT_FLAGS = (
               "-swift-version",
               "5",
               "-I",
               "$(TOOLCHAIN_DIR)/usr/lib/swift/pm/4_2",
               "-target",
               "x86_64-apple-macosx10.10",
               "-sdk",
               "/Applications/Xcode.app/Contents/Developer/Platforms/MacOSX.platform/Developer/SDKs/MacOSX10.15.sdk",
               "-package-description-version",
               "5.2.0"
            );
            SWIFT_VERSION = "5.0";
         };
         name = "Release";
      };
      "OBJ_76" = {
         isa = "PBXSourcesBuildPhase";
         files = (
            "OBJ_77"
         );
      };
      "OBJ_77" = {
         isa = "PBXBuildFile";
         fileRef = "OBJ_6";
      };
      "OBJ_79" = {
         isa = "XCConfigurationList";
         buildConfigurations = (
            "OBJ_80",
            "OBJ_81"
         );
         defaultConfigurationIsVisible = "0";
         defaultConfigurationName = "Release";
      };
      "OBJ_8" = {
         isa = "PBXGroup";
         children = (
            "OBJ_9",
            "OBJ_11",
            "OBJ_13",
            "OBJ_16",
            "OBJ_19",
            "OBJ_32",
            "OBJ_34",
            "OBJ_37"
         );
         name = "UIToolbox";
         path = "Sources/UIToolbox";
         sourceTree = "SOURCE_ROOT";
      };
      "OBJ_80" = {
         isa = "XCBuildConfiguration";
         buildSettings = {
         };
         name = "Debug";
      };
      "OBJ_81" = {
         isa = "XCBuildConfiguration";
         buildSettings = {
         };
         name = "Release";
      };
      "OBJ_82" = {
         isa = "PBXTargetDependency";
         target = "UIToolbox::UIToolboxTests";
      };
      "OBJ_84" = {
         isa = "XCConfigurationList";
         buildConfigurations = (
            "OBJ_85",
            "OBJ_86"
         );
         defaultConfigurationIsVisible = "0";
         defaultConfigurationName = "Release";
      };
      "OBJ_85" = {
         isa = "XCBuildConfiguration";
         buildSettings = {
            CLANG_ENABLE_MODULES = "YES";
            EMBEDDED_CONTENT_CONTAINS_SWIFT = "YES";
            FRAMEWORK_SEARCH_PATHS = (
               "$(inherited)",
               "$(PLATFORM_DIR)/Developer/Library/Frameworks"
            );
            HEADER_SEARCH_PATHS = (
               "$(inherited)"
            );
            INFOPLIST_FILE = "UIToolbox.xcodeproj/UIToolboxTests_Info.plist";
            IPHONEOS_DEPLOYMENT_TARGET = "13.0";
            LD_RUNPATH_SEARCH_PATHS = (
               "$(inherited)",
               "@loader_path/../Frameworks",
               "@loader_path/Frameworks"
            );
            MACOSX_DEPLOYMENT_TARGET = "10.15";
            OTHER_CFLAGS = (
               "$(inherited)"
            );
            OTHER_LDFLAGS = (
               "$(inherited)"
            );
            OTHER_SWIFT_FLAGS = (
               "$(inherited)"
            );
            SWIFT_ACTIVE_COMPILATION_CONDITIONS = (
               "$(inherited)"
            );
            SWIFT_VERSION = "5.0";
            TARGET_NAME = "UIToolboxTests";
            TVOS_DEPLOYMENT_TARGET = "13.0";
            WATCHOS_DEPLOYMENT_TARGET = "6.0";
         };
         name = "Debug";
      };
      "OBJ_86" = {
         isa = "XCBuildConfiguration";
         buildSettings = {
            CLANG_ENABLE_MODULES = "YES";
            EMBEDDED_CONTENT_CONTAINS_SWIFT = "YES";
            FRAMEWORK_SEARCH_PATHS = (
               "$(inherited)",
               "$(PLATFORM_DIR)/Developer/Library/Frameworks"
            );
            HEADER_SEARCH_PATHS = (
               "$(inherited)"
            );
            INFOPLIST_FILE = "UIToolbox.xcodeproj/UIToolboxTests_Info.plist";
            IPHONEOS_DEPLOYMENT_TARGET = "13.0";
            LD_RUNPATH_SEARCH_PATHS = (
               "$(inherited)",
               "@loader_path/../Frameworks",
               "@loader_path/Frameworks"
            );
            MACOSX_DEPLOYMENT_TARGET = "10.15";
            OTHER_CFLAGS = (
               "$(inherited)"
            );
            OTHER_LDFLAGS = (
               "$(inherited)"
            );
            OTHER_SWIFT_FLAGS = (
               "$(inherited)"
            );
            SWIFT_ACTIVE_COMPILATION_CONDITIONS = (
               "$(inherited)"
            );
            SWIFT_VERSION = "5.0";
            TARGET_NAME = "UIToolboxTests";
            TVOS_DEPLOYMENT_TARGET = "13.0";
            WATCHOS_DEPLOYMENT_TARGET = "6.0";
         };
         name = "Release";
      };
      "OBJ_87" = {
         isa = "PBXSourcesBuildPhase";
         files = (
            "OBJ_88"
         );
      };
      "OBJ_88" = {
         isa = "PBXBuildFile";
         fileRef = "OBJ_42";
      };
      "OBJ_89" = {
         isa = "PBXFrameworksBuildPhase";
         files = (
            "OBJ_90"
         );
      };
      "OBJ_9" = {
         isa = "PBXGroup";
         children = (
            "OBJ_10"
         );
         name = "Animations&Transitions";
         path = "Animations&Transitions";
         sourceTree = "<group>";
      };
      "OBJ_90" = {
         isa = "PBXBuildFile";
         fileRef = "UIToolbox::UIToolbox::Product";
      };
      "OBJ_91" = {
         isa = "PBXTargetDependency";
         target = "UIToolbox::UIToolbox";
      };
      "UIToolbox::SwiftPMPackageDescription" = {
         isa = "PBXNativeTarget";
         buildConfigurationList = "OBJ_73";
         buildPhases = (
            "OBJ_76"
         );
         dependencies = (
         );
         name = "UIToolboxPackageDescription";
         productName = "UIToolboxPackageDescription";
         productType = "com.apple.product-type.framework";
      };
      "UIToolbox::UIToolbox" = {
         isa = "PBXNativeTarget";
         buildConfigurationList = "OBJ_51";
         buildPhases = (
            "OBJ_54",
            "OBJ_71"
         );
         dependencies = (
         );
         name = "UIToolbox";
         productName = "UIToolbox";
         productReference = "UIToolbox::UIToolbox::Product";
         productType = "com.apple.product-type.framework";
      };
      "UIToolbox::UIToolbox::Product" = {
         isa = "PBXFileReference";
         path = "UIToolbox.framework";
         sourceTree = "BUILT_PRODUCTS_DIR";
      };
      "UIToolbox::UIToolboxPackageTests::ProductTarget" = {
         isa = "PBXAggregateTarget";
         buildConfigurationList = "OBJ_79";
         buildPhases = (
         );
         dependencies = (
            "OBJ_82"
         );
         name = "UIToolboxPackageTests";
         productName = "UIToolboxPackageTests";
      };
      "UIToolbox::UIToolboxTests" = {
         isa = "PBXNativeTarget";
         buildConfigurationList = "OBJ_84";
         buildPhases = (
            "OBJ_87",
            "OBJ_89"
         );
         dependencies = (
            "OBJ_91"
         );
         name = "UIToolboxTests";
         productName = "UIToolboxTests";
         productReference = "UIToolbox::UIToolboxTests::Product";
         productType = "com.apple.product-type.bundle.unit-test";
      };
      "UIToolbox::UIToolboxTests::Product" = {
         isa = "PBXFileReference";
         path = "UIToolboxTests.xctest";
         sourceTree = "BUILT_PRODUCTS_DIR";
      };
   };
   rootObject = "OBJ_1";
}
